
Microsoft Visual Studio Solution File, Format Version 12.00
# Visual Studio Version 17
VisualStudioVersion = 17.1.32328.378
MinimumVisualStudioVersion = 10.0.40219.1
Project("{FAE04EC0-301F-11D3-BF4B-00C04F79EFBC}") = "VillageNewbiesApp", "VillageNewbiesApp\VillageNewbiesApp.csproj", "{4DDA4107-414B-4045-959B-848E314CCC01}"
EndProject
Global
	GlobalSection(SolutionConfigurationPlatforms) = preSolution
		Debug|Any CPU = Debug|Any CPU
		Release|Any CPU = Release|Any CPU
	EndGlobalSection
	GlobalSection(ProjectConfigurationPlatforms) = postSolution
		{4DDA4107-414B-4045-959B-848E314CCC01}.Debug|Any CPU.ActiveCfg = Debug|Any CPU
		{4DDA4107-414B-4045-959B-848E314CCC01}.Debug|Any CPU.Build.0 = Debug|Any CPU
		{4DDA4107-414B-4045-959B-848E314CCC01}.Release|Any CPU.ActiveCfg = Release|Any CPU
		{4DDA4107-414B-4045-959B-848E314CCC01}.Release|Any CPU.Build.0 = Release|Any CPU
	EndGlobalSection
	GlobalSection(SolutionProperties) = preSolution
		HideSolutionNode = FALSE
	EndGlobalSection
	GlobalSection(ExtensibilityGlobals) = postSolution
		SolutionGuid = {59231130-CE7C-4DF9-ABC8-62D3EB722D71}
	EndGlobalSection
EndGlobal
